
Microsoft Visual Studio Solution File, Format Version 12.00
# Visual Studio Version 17
VisualStudioVersion = 17.7.34031.279
MinimumVisualStudioVersion = 10.0.40219.1
Project("{FAE04EC0-301F-11D3-BF4B-00C04F79EFBC}") = "Water_Form", "Water_Form\Water_Form.csproj", "{B18FBBD3-066E-415C-91A4-AF2DB7AC01D0}"
EndProject
Global
	GlobalSection(SolutionConfigurationPlatforms) = preSolution
		Debug|Any CPU = Debug|Any CPU
		Release|Any CPU = Release|Any CPU
	EndGlobalSection
	GlobalSection(ProjectConfigurationPlatforms) = postSolution
		{B18FBBD3-066E-415C-91A4-AF2DB7AC01D0}.Debug|Any CPU.ActiveCfg = Debug|Any CPU
		{B18FBBD3-066E-415C-91A4-AF2DB7AC01D0}.Debug|Any CPU.Build.0 = Debug|Any CPU
		{B18FBBD3-066E-415C-91A4-AF2DB7AC01D0}.Release|Any CPU.ActiveCfg = Release|Any CPU
		{B18FBBD3-066E-415C-91A4-AF2DB7AC01D0}.Release|Any CPU.Build.0 = Release|Any CPU
	EndGlobalSection
	GlobalSection(SolutionProperties) = preSolution
		HideSolutionNode = FALSE
	EndGlobalSection
	GlobalSection(ExtensibilityGlobals) = postSolution
		SolutionGuid = {2E45CFC1-7B74-4922-A028-EAEC41D1BEA1}
	EndGlobalSection
EndGlobal
